
Microsoft Visual Studio Solution File, Format Version 12.00
# Visual Studio 15
VisualStudioVersion = 15.0.27130.2020
MinimumVisualStudioVersion = 10.0.40219.1
Project("{FAE04EC0-301F-11D3-BF4B-00C04F79EFBC}") = "EssentialTools", "EssentialTools\EssentialTools.csproj", "{A52859EE-EF27-4864-B35C-DBBE1C7F6CBC}"
EndProject
Global
	GlobalSection(SolutionConfigurationPlatforms) = preSolution
		Debug|Any CPU = Debug|Any CPU
		Release|Any CPU = Release|Any CPU
	EndGlobalSection
	GlobalSection(ProjectConfigurationPlatforms) = postSolution
		{A52859EE-EF27-4864-B35C-DBBE1C7F6CBC}.Debug|Any CPU.ActiveCfg = Debug|Any CPU
		{A52859EE-EF27-4864-B35C-DBBE1C7F6CBC}.Debug|Any CPU.Build.0 = Debug|Any CPU
		{A52859EE-EF27-4864-B35C-DBBE1C7F6CBC}.Release|Any CPU.ActiveCfg = Release|Any CPU
		{A52859EE-EF27-4864-B35C-DBBE1C7F6CBC}.Release|Any CPU.Build.0 = Release|Any CPU
	EndGlobalSection
	GlobalSection(SolutionProperties) = preSolution
		HideSolutionNode = FALSE
	EndGlobalSection
	GlobalSection(ExtensibilityGlobals) = postSolution
		SolutionGuid = {DCA6EC07-605F-4D55-815D-21BE945DAF38}
	EndGlobalSection
EndGlobal
